
Microsoft Visual Studio Solution File, Format Version 12.00
# Visual Studio Version 17
VisualStudioVersion = 17.0.32112.339
MinimumVisualStudioVersion = 10.0.40219.1
Project("{8BC9CEB8-8B4A-11D0-8D11-00A0C91BC942}") = "sf_test", "sf_test\sf_test.vcxproj", "{240030F1-479D-49F2-8699-9E642F372C0A}"
EndProject
Global
	GlobalSection(SolutionConfigurationPlatforms) = preSolution
		Debug|x64 = Debug|x64
		Debug|x86 = Debug|x86
		Release|x64 = Release|x64
		Release|x86 = Release|x86
	EndGlobalSection
	GlobalSection(ProjectConfigurationPlatforms) = postSolution
		{240030F1-479D-49F2-8699-9E642F372C0A}.Debug|x64.ActiveCfg = Debug|x64
		{240030F1-479D-49F2-8699-9E642F372C0A}.Debug|x64.Build.0 = Debug|x64
		{240030F1-479D-49F2-8699-9E642F372C0A}.Debug|x86.ActiveCfg = Debug|Win32
		{240030F1-479D-49F2-8699-9E642F372C0A}.Debug|x86.Build.0 = Debug|Win32
		{240030F1-479D-49F2-8699-9E642F372C0A}.Release|x64.ActiveCfg = Release|x64
		{240030F1-479D-49F2-8699-9E642F372C0A}.Release|x64.Build.0 = Release|x64
		{240030F1-479D-49F2-8699-9E642F372C0A}.Release|x86.ActiveCfg = Release|Win32
		{240030F1-479D-49F2-8699-9E642F372C0A}.Release|x86.Build.0 = Release|Win32
	EndGlobalSection
	GlobalSection(SolutionProperties) = preSolution
		HideSolutionNode = FALSE
	EndGlobalSection
	GlobalSection(ExtensibilityGlobals) = postSolution
		SolutionGuid = {D457A565-BB0E-4C92-8F55-C8CD3B060D0A}
	EndGlobalSection
EndGlobal
